
Microsoft Visual Studio Solution File, Format Version 12.00
# Visual Studio Version 17
VisualStudioVersion = 17.4.32912.340
MinimumVisualStudioVersion = 10.0.40219.1
Project("{FAE04EC0-301F-11D3-BF4B-00C04F79EFBC}") = "TesteTradeTechnology.Web", "TesteTradeTechnology.Web\TesteTradeTechnology.Web.csproj", "{2DEEC59B-3833-4CB5-A77C-6AD72B552A83}"
EndProject
Project("{FAE04EC0-301F-11D3-BF4B-00C04F79EFBC}") = "TesteTradeTechnology.Api", "TesteTradeTechnology.Api\TesteTradeTechnology.Api.csproj", "{10D5C0AC-627C-4987-943E-E0B604283391}"
EndProject
Project("{FAE04EC0-301F-11D3-BF4B-00C04F79EFBC}") = "TesteTradeTechnology.Domain", "TesteTradeTechnology.Domain\TesteTradeTechnology.Domain.csproj", "{16D58FCE-CE16-40B8-A5F1-2F9DD0DEF5BB}"
EndProject
Project("{FAE04EC0-301F-11D3-BF4B-00C04F79EFBC}") = "TesteTradeTechnology.Models", "TesteTradeTechnology.Models\TesteTradeTechnology.Models.csproj", "{535B1147-E0E7-43BD-B055-C7C0A68BD6FC}"
EndProject
Project("{FAE04EC0-301F-11D3-BF4B-00C04F79EFBC}") = "TesteTradeTechnology.Services", "TesteTradeTechnology.Services\TesteTradeTechnology.Services.csproj", "{FE9C4790-9161-4AF9-8C84-7753B25B3847}"
EndProject
Project("{FAE04EC0-301F-11D3-BF4B-00C04F79EFBC}") = "TesteTradeTechnology.CrossCutting", "TesteTradeTechnology.CrossCutting\TesteTradeTechnology.CrossCutting.csproj", "{93EB8B01-313F-4A20-BDE2-286A261AC84D}"
EndProject
Global
	GlobalSection(SolutionConfigurationPlatforms) = preSolution
		Debug|Any CPU = Debug|Any CPU
		Release|Any CPU = Release|Any CPU
	EndGlobalSection
	GlobalSection(ProjectConfigurationPlatforms) = postSolution
		{2DEEC59B-3833-4CB5-A77C-6AD72B552A83}.Debug|Any CPU.ActiveCfg = Debug|Any CPU
		{2DEEC59B-3833-4CB5-A77C-6AD72B552A83}.Debug|Any CPU.Build.0 = Debug|Any CPU
		{2DEEC59B-3833-4CB5-A77C-6AD72B552A83}.Release|Any CPU.ActiveCfg = Release|Any CPU
		{2DEEC59B-3833-4CB5-A77C-6AD72B552A83}.Release|Any CPU.Build.0 = Release|Any CPU
		{10D5C0AC-627C-4987-943E-E0B604283391}.Debug|Any CPU.ActiveCfg = Debug|Any CPU
		{10D5C0AC-627C-4987-943E-E0B604283391}.Debug|Any CPU.Build.0 = Debug|Any CPU
		{10D5C0AC-627C-4987-943E-E0B604283391}.Release|Any CPU.ActiveCfg = Release|Any CPU
		{10D5C0AC-627C-4987-943E-E0B604283391}.Release|Any CPU.Build.0 = Release|Any CPU
		{16D58FCE-CE16-40B8-A5F1-2F9DD0DEF5BB}.Debug|Any CPU.ActiveCfg = Debug|Any CPU
		{16D58FCE-CE16-40B8-A5F1-2F9DD0DEF5BB}.Debug|Any CPU.Build.0 = Debug|Any CPU
		{16D58FCE-CE16-40B8-A5F1-2F9DD0DEF5BB}.Release|Any CPU.ActiveCfg = Release|Any CPU
		{16D58FCE-CE16-40B8-A5F1-2F9DD0DEF5BB}.Release|Any CPU.Build.0 = Release|Any CPU
		{535B1147-E0E7-43BD-B055-C7C0A68BD6FC}.Debug|Any CPU.ActiveCfg = Debug|Any CPU
		{535B1147-E0E7-43BD-B055-C7C0A68BD6FC}.Debug|Any CPU.Build.0 = Debug|Any CPU
		{535B1147-E0E7-43BD-B055-C7C0A68BD6FC}.Release|Any CPU.ActiveCfg = Release|Any CPU
		{535B1147-E0E7-43BD-B055-C7C0A68BD6FC}.Release|Any CPU.Build.0 = Release|Any CPU
		{FE9C4790-9161-4AF9-8C84-7753B25B3847}.Debug|Any CPU.ActiveCfg = Debug|Any CPU
		{FE9C4790-9161-4AF9-8C84-7753B25B3847}.Debug|Any CPU.Build.0 = Debug|Any CPU
		{FE9C4790-9161-4AF9-8C84-7753B25B3847}.Release|Any CPU.ActiveCfg = Release|Any CPU
		{FE9C4790-9161-4AF9-8C84-7753B25B3847}.Release|Any CPU.Build.0 = Release|Any CPU
		{93EB8B01-313F-4A20-BDE2-286A261AC84D}.Debug|Any CPU.ActiveCfg = Debug|Any CPU
		{93EB8B01-313F-4A20-BDE2-286A261AC84D}.Debug|Any CPU.Build.0 = Debug|Any CPU
		{93EB8B01-313F-4A20-BDE2-286A261AC84D}.Release|Any CPU.ActiveCfg = Release|Any CPU
		{93EB8B01-313F-4A20-BDE2-286A261AC84D}.Release|Any CPU.Build.0 = Release|Any CPU
	EndGlobalSection
	GlobalSection(SolutionProperties) = preSolution
		HideSolutionNode = FALSE
	EndGlobalSection
	GlobalSection(ExtensibilityGlobals) = postSolution
		SolutionGuid = {A3C41B9D-D597-4143-8EDF-8C2AE8841B79}
	EndGlobalSection
EndGlobal
